
Microsoft Visual Studio Solution File, Format Version 12.00
# Visual Studio Version 17
VisualStudioVersion = 17.13.35825.156 d17.13
MinimumVisualStudioVersion = 10.0.40219.1
Project("{FAE04EC0-301F-11D3-BF4B-00C04F79EFBC}") = "ASP NET 01. Web App example", "ASP NET 01. Web App example\ASP NET 01. Web App example.csproj", "{434647D4-0E98-4AA8-9E43-E205D31804FA}"
EndProject
Project("{2150E333-8FDC-42A3-9474-1A3956D46DE8}") = "ASP NET 01", "ASP NET 01", "{02EA681E-C7D8-13C7-8484-4AC65E1B71E8}"
EndProject
Project("{FAE04EC0-301F-11D3-BF4B-00C04F79EFBC}") = "ASP NET 01. MVC example", "ASP NET 01. MVC example\ASP NET 01. MVC example.csproj", "{4E69EB9C-EA67-443C-B972-2E4086B7844A}"
EndProject
Project("{FAE04EC0-301F-11D3-BF4B-00C04F79EFBC}") = "ASP NET 01. Web Api example", "ASP NET 01. Web Api example\ASP NET 01. Web Api example.csproj", "{BDF8F3A2-1919-4C51-B51F-05FDB40368E0}"
EndProject
Project("{FAE04EC0-301F-11D3-BF4B-00C04F79EFBC}") = "ASP NET 01. Mini HTTP Server", "ASP NET 01. Mini HTTP Server\ASP NET 01. Mini HTTP Server.csproj", "{FCBA9C2D-4201-46B6-B951-925EF8FA5632}"
EndProject
Project("{FAE04EC0-301F-11D3-BF4B-00C04F79EFBC}") = "ASP NET 01. CoR", "ASP NET 01. CoR\ASP NET 01. CoR.csproj", "{62A5659C-1E0F-41A1-849B-AE683E177876}"
EndProject
Project("{2150E333-8FDC-42A3-9474-1A3956D46DE8}") = "ASP NET 02", "ASP NET 02", "{706BF60E-2521-4439-88C4-4A793D6EBA00}"
EndProject
Project("{FAE04EC0-301F-11D3-BF4B-00C04F79EFBC}") = "ASP NET 02. Mini ASP", "ASP NET 02. Mini ASP\ASP NET 02. Mini ASP.csproj", "{B5753225-03D7-4D32-9C18-7AA7F434B1DD}"
EndProject
Project("{FAE04EC0-301F-11D3-BF4B-00C04F79EFBC}") = "ASP NET 02. Dependency injection", "ASP NET 02. Dependency injection\ASP NET 02. Dependency injection.csproj", "{391A48EA-FD16-41D9-887C-C5733AF9C495}"
EndProject
Project("{2150E333-8FDC-42A3-9474-1A3956D46DE8}") = "ASP NET 03", "ASP NET 03", "{292CA21D-8FDE-4987-8C78-EC800DD43056}"
EndProject
Project("{FAE04EC0-301F-11D3-BF4B-00C04F79EFBC}") = "ASP NET 03. Dependency Injection - services", "ASP NET 03. Dependency Injection - services\ASP NET 03. Dependency Injection - services.csproj", "{E75E3884-95E0-4004-9398-8166BA7F9352}"
EndProject
Project("{FAE04EC0-301F-11D3-BF4B-00C04F79EFBC}") = "ASP NET 03. Razor Pages", "ASP NET 03. Razor Pages\ASP NET 03. Razor Pages.csproj", "{68C42CB6-2156-45B4-A566-BFCF84DDCF56}"
EndProject
Project("{FAE04EC0-301F-11D3-BF4B-00C04F79EFBC}") = "ASP NET 03. Razor Pages Product Site", "ASP NET 03. Razor Pages Product Site\ASP NET 03. Razor Pages Product Site.csproj", "{9492C760-041A-4C3C-8170-1FC8359EC0AD}"
EndProject
Project("{2150E333-8FDC-42A3-9474-1A3956D46DE8}") = "ASP NET 04", "ASP NET 04", "{BC15EE0D-5D18-49EF-8C19-383E741DE710}"
EndProject
Project("{FAE04EC0-301F-11D3-BF4B-00C04F79EFBC}") = "ASP NET 04. Products MVC", "ASP NET 04. Products MVC\ASP NET 04. Products MVC.csproj", "{5127BCD6-EBD2-422F-9735-2366A8895EF4}"
EndProject
Project("{FAE04EC0-301F-11D3-BF4B-00C04F79EFBC}") = "ASP NET 04. Products MVC Scaffold", "ASP NET 04. Products MVC Scaffold\ASP NET 04. Products MVC Scaffold.csproj", "{14F0C1BB-1F2B-456E-A477-5BC86945181B}"
EndProject
Project("{2150E333-8FDC-42A3-9474-1A3956D46DE8}") = "ASP NET 05", "ASP NET 05", "{9B836110-FDC6-49EB-94AD-119836734089}"
EndProject
Project("{FAE04EC0-301F-11D3-BF4B-00C04F79EFBC}") = "ASP NET 05. ASP Filters", "ASP NET 05. ASP Filters\ASP NET 05. ASP Filters.csproj", "{9787EC99-D876-4CAC-B9F2-0E7AF0811E84}"
EndProject
Project("{FAE04EC0-301F-11D3-BF4B-00C04F79EFBC}") = "ASP NET 05. Html Helpers", "ASP NET 05. Html Helpers\ASP NET 05. Html Helpers.csproj", "{173CE213-2E05-47E3-91F1-845266CCE37E}"
EndProject
Project("{2150E333-8FDC-42A3-9474-1A3956D46DE8}") = "ASP NET 06", "ASP NET 06", "{BE2A129D-8313-41E2-AFD7-382E26F5FF62}"
EndProject
Project("{FAE04EC0-301F-11D3-BF4B-00C04F79EFBC}") = "ASP NET 06. Pagination Filtering Sorting", "ASP NET 06. Pagination, Filtering, Sorting\ASP NET 06. Pagination Filtering Sorting.csproj", "{780BB99D-F97E-461E-A5F1-FEA45BFE7029}"
EndProject
Project("{2150E333-8FDC-42A3-9474-1A3956D46DE8}") = "ASP NET 07", "ASP NET 07", "{9C0D771D-54BF-41C2-9DC5-1056366B9B06}"
EndProject
Project("{FAE04EC0-301F-11D3-BF4B-00C04F79EFBC}") = "ASP NET 07. TaskFlow Introduction", "ASP NET 07. TaskFlow Introduction\ASP NET 07. TaskFlow Introduction.csproj", "{370059E9-5F11-4523-B6C1-2CC7E310B113}"
EndProject
Global
	GlobalSection(SolutionConfigurationPlatforms) = preSolution
		Debug|Any CPU = Debug|Any CPU
		Release|Any CPU = Release|Any CPU
	EndGlobalSection
	GlobalSection(ProjectConfigurationPlatforms) = postSolution
		{434647D4-0E98-4AA8-9E43-E205D31804FA}.Debug|Any CPU.ActiveCfg = Debug|Any CPU
		{434647D4-0E98-4AA8-9E43-E205D31804FA}.Debug|Any CPU.Build.0 = Debug|Any CPU
		{434647D4-0E98-4AA8-9E43-E205D31804FA}.Release|Any CPU.ActiveCfg = Release|Any CPU
		{434647D4-0E98-4AA8-9E43-E205D31804FA}.Release|Any CPU.Build.0 = Release|Any CPU
		{4E69EB9C-EA67-443C-B972-2E4086B7844A}.Debug|Any CPU.ActiveCfg = Debug|Any CPU
		{4E69EB9C-EA67-443C-B972-2E4086B7844A}.Debug|Any CPU.Build.0 = Debug|Any CPU
		{4E69EB9C-EA67-443C-B972-2E4086B7844A}.Release|Any CPU.ActiveCfg = Release|Any CPU
		{4E69EB9C-EA67-443C-B972-2E4086B7844A}.Release|Any CPU.Build.0 = Release|Any CPU
		{BDF8F3A2-1919-4C51-B51F-05FDB40368E0}.Debug|Any CPU.ActiveCfg = Debug|Any CPU
		{BDF8F3A2-1919-4C51-B51F-05FDB40368E0}.Debug|Any CPU.Build.0 = Debug|Any CPU
		{BDF8F3A2-1919-4C51-B51F-05FDB40368E0}.Release|Any CPU.ActiveCfg = Release|Any CPU
		{BDF8F3A2-1919-4C51-B51F-05FDB40368E0}.Release|Any CPU.Build.0 = Release|Any CPU
		{FCBA9C2D-4201-46B6-B951-925EF8FA5632}.Debug|Any CPU.ActiveCfg = Debug|Any CPU
		{FCBA9C2D-4201-46B6-B951-925EF8FA5632}.Debug|Any CPU.Build.0 = Debug|Any CPU
		{FCBA9C2D-4201-46B6-B951-925EF8FA5632}.Release|Any CPU.ActiveCfg = Release|Any CPU
		{FCBA9C2D-4201-46B6-B951-925EF8FA5632}.Release|Any CPU.Build.0 = Release|Any CPU
		{62A5659C-1E0F-41A1-849B-AE683E177876}.Debug|Any CPU.ActiveCfg = Debug|Any CPU
		{62A5659C-1E0F-41A1-849B-AE683E177876}.Debug|Any CPU.Build.0 = Debug|Any CPU
		{62A5659C-1E0F-41A1-849B-AE683E177876}.Release|Any CPU.ActiveCfg = Release|Any CPU
		{62A5659C-1E0F-41A1-849B-AE683E177876}.Release|Any CPU.Build.0 = Release|Any CPU
		{B5753225-03D7-4D32-9C18-7AA7F434B1DD}.Debug|Any CPU.ActiveCfg = Debug|Any CPU
		{B5753225-03D7-4D32-9C18-7AA7F434B1DD}.Debug|Any CPU.Build.0 = Debug|Any CPU
		{B5753225-03D7-4D32-9C18-7AA7F434B1DD}.Release|Any CPU.ActiveCfg = Release|Any CPU
		{B5753225-03D7-4D32-9C18-7AA7F434B1DD}.Release|Any CPU.Build.0 = Release|Any CPU
		{391A48EA-FD16-41D9-887C-C5733AF9C495}.Debug|Any CPU.ActiveCfg = Debug|Any CPU
		{391A48EA-FD16-41D9-887C-C5733AF9C495}.Debug|Any CPU.Build.0 = Debug|Any CPU
		{391A48EA-FD16-41D9-887C-C5733AF9C495}.Release|Any CPU.ActiveCfg = Release|Any CPU
		{391A48EA-FD16-41D9-887C-C5733AF9C495}.Release|Any CPU.Build.0 = Release|Any CPU
		{E75E3884-95E0-4004-9398-8166BA7F9352}.Debug|Any CPU.ActiveCfg = Debug|Any CPU
		{E75E3884-95E0-4004-9398-8166BA7F9352}.Debug|Any CPU.Build.0 = Debug|Any CPU
		{E75E3884-95E0-4004-9398-8166BA7F9352}.Release|Any CPU.ActiveCfg = Release|Any CPU
		{E75E3884-95E0-4004-9398-8166BA7F9352}.Release|Any CPU.Build.0 = Release|Any CPU
		{68C42CB6-2156-45B4-A566-BFCF84DDCF56}.Debug|Any CPU.ActiveCfg = Debug|Any CPU
		{68C42CB6-2156-45B4-A566-BFCF84DDCF56}.Debug|Any CPU.Build.0 = Debug|Any CPU
		{68C42CB6-2156-45B4-A566-BFCF84DDCF56}.Release|Any CPU.ActiveCfg = Release|Any CPU
		{68C42CB6-2156-45B4-A566-BFCF84DDCF56}.Release|Any CPU.Build.0 = Release|Any CPU
		{9492C760-041A-4C3C-8170-1FC8359EC0AD}.Debug|Any CPU.ActiveCfg = Debug|Any CPU
		{9492C760-041A-4C3C-8170-1FC8359EC0AD}.Debug|Any CPU.Build.0 = Debug|Any CPU
		{9492C760-041A-4C3C-8170-1FC8359EC0AD}.Release|Any CPU.ActiveCfg = Release|Any CPU
		{9492C760-041A-4C3C-8170-1FC8359EC0AD}.Release|Any CPU.Build.0 = Release|Any CPU
		{5127BCD6-EBD2-422F-9735-2366A8895EF4}.Debug|Any CPU.ActiveCfg = Debug|Any CPU
		{5127BCD6-EBD2-422F-9735-2366A8895EF4}.Debug|Any CPU.Build.0 = Debug|Any CPU
		{5127BCD6-EBD2-422F-9735-2366A8895EF4}.Release|Any CPU.ActiveCfg = Release|Any CPU
		{5127BCD6-EBD2-422F-9735-2366A8895EF4}.Release|Any CPU.Build.0 = Release|Any CPU
		{14F0C1BB-1F2B-456E-A477-5BC86945181B}.Debug|Any CPU.ActiveCfg = Debug|Any CPU
		{14F0C1BB-1F2B-456E-A477-5BC86945181B}.Debug|Any CPU.Build.0 = Debug|Any CPU
		{14F0C1BB-1F2B-456E-A477-5BC86945181B}.Release|Any CPU.ActiveCfg = Release|Any CPU
		{14F0C1BB-1F2B-456E-A477-5BC86945181B}.Release|Any CPU.Build.0 = Release|Any CPU
		{9787EC99-D876-4CAC-B9F2-0E7AF0811E84}.Debug|Any CPU.ActiveCfg = Debug|Any CPU
		{9787EC99-D876-4CAC-B9F2-0E7AF0811E84}.Debug|Any CPU.Build.0 = Debug|Any CPU
		{9787EC99-D876-4CAC-B9F2-0E7AF0811E84}.Release|Any CPU.ActiveCfg = Release|Any CPU
		{9787EC99-D876-4CAC-B9F2-0E7AF0811E84}.Release|Any CPU.Build.0 = Release|Any CPU
		{173CE213-2E05-47E3-91F1-845266CCE37E}.Debug|Any CPU.ActiveCfg = Debug|Any CPU
		{173CE213-2E05-47E3-91F1-845266CCE37E}.Debug|Any CPU.Build.0 = Debug|Any CPU
		{173CE213-2E05-47E3-91F1-845266CCE37E}.Release|Any CPU.ActiveCfg = Release|Any CPU
		{173CE213-2E05-47E3-91F1-845266CCE37E}.Release|Any CPU.Build.0 = Release|Any CPU
		{780BB99D-F97E-461E-A5F1-FEA45BFE7029}.Debug|Any CPU.ActiveCfg = Debug|Any CPU
		{780BB99D-F97E-461E-A5F1-FEA45BFE7029}.Debug|Any CPU.Build.0 = Debug|Any CPU
		{780BB99D-F97E-461E-A5F1-FEA45BFE7029}.Release|Any CPU.ActiveCfg = Release|Any CPU
		{780BB99D-F97E-461E-A5F1-FEA45BFE7029}.Release|Any CPU.Build.0 = Release|Any CPU
		{370059E9-5F11-4523-B6C1-2CC7E310B113}.Debug|Any CPU.ActiveCfg = Debug|Any CPU
		{370059E9-5F11-4523-B6C1-2CC7E310B113}.Debug|Any CPU.Build.0 = Debug|Any CPU
		{370059E9-5F11-4523-B6C1-2CC7E310B113}.Release|Any CPU.ActiveCfg = Release|Any CPU
		{370059E9-5F11-4523-B6C1-2CC7E310B113}.Release|Any CPU.Build.0 = Release|Any CPU
	EndGlobalSection
	GlobalSection(SolutionProperties) = preSolution
		HideSolutionNode = FALSE
	EndGlobalSection
	GlobalSection(NestedProjects) = preSolution
		{434647D4-0E98-4AA8-9E43-E205D31804FA} = {02EA681E-C7D8-13C7-8484-4AC65E1B71E8}
		{4E69EB9C-EA67-443C-B972-2E4086B7844A} = {02EA681E-C7D8-13C7-8484-4AC65E1B71E8}
		{BDF8F3A2-1919-4C51-B51F-05FDB40368E0} = {02EA681E-C7D8-13C7-8484-4AC65E1B71E8}
		{FCBA9C2D-4201-46B6-B951-925EF8FA5632} = {02EA681E-C7D8-13C7-8484-4AC65E1B71E8}
		{62A5659C-1E0F-41A1-849B-AE683E177876} = {02EA681E-C7D8-13C7-8484-4AC65E1B71E8}
		{B5753225-03D7-4D32-9C18-7AA7F434B1DD} = {706BF60E-2521-4439-88C4-4A793D6EBA00}
		{391A48EA-FD16-41D9-887C-C5733AF9C495} = {706BF60E-2521-4439-88C4-4A793D6EBA00}
		{E75E3884-95E0-4004-9398-8166BA7F9352} = {292CA21D-8FDE-4987-8C78-EC800DD43056}
		{68C42CB6-2156-45B4-A566-BFCF84DDCF56} = {292CA21D-8FDE-4987-8C78-EC800DD43056}
		{9492C760-041A-4C3C-8170-1FC8359EC0AD} = {292CA21D-8FDE-4987-8C78-EC800DD43056}
		{5127BCD6-EBD2-422F-9735-2366A8895EF4} = {BC15EE0D-5D18-49EF-8C19-383E741DE710}
		{14F0C1BB-1F2B-456E-A477-5BC86945181B} = {BC15EE0D-5D18-49EF-8C19-383E741DE710}
		{9787EC99-D876-4CAC-B9F2-0E7AF0811E84} = {9B836110-FDC6-49EB-94AD-119836734089}
		{173CE213-2E05-47E3-91F1-845266CCE37E} = {9B836110-FDC6-49EB-94AD-119836734089}
		{780BB99D-F97E-461E-A5F1-FEA45BFE7029} = {BE2A129D-8313-41E2-AFD7-382E26F5FF62}
		{370059E9-5F11-4523-B6C1-2CC7E310B113} = {9C0D771D-54BF-41C2-9DC5-1056366B9B06}
	EndGlobalSection
	GlobalSection(ExtensibilityGlobals) = postSolution
		SolutionGuid = {E4870BAB-DD25-4E3B-9ABC-EE53B6A30681}
	EndGlobalSection
EndGlobal
