
Microsoft Visual Studio Solution File, Format Version 12.00
# Visual Studio Version 18
VisualStudioVersion = 18.2.11430.68
MinimumVisualStudioVersion = 10.0.40219.1
Project("{FAE04EC0-301F-11D3-BF4B-00C04F79EFBC}") = "ASP NET 01. Web App example", "ASP NET 01. Web App example\ASP NET 01. Web App example.csproj", "{434647D4-0E98-4AA8-9E43-E205D31804FA}"
EndProject
Project("{2150E333-8FDC-42A3-9474-1A3956D46DE8}") = "ASP NET 01", "ASP NET 01", "{02EA681E-C7D8-13C7-8484-4AC65E1B71E8}"
EndProject
Project("{FAE04EC0-301F-11D3-BF4B-00C04F79EFBC}") = "ASP NET 01. MVC example", "ASP NET 01. MVC example\ASP NET 01. MVC example.csproj", "{4E69EB9C-EA67-443C-B972-2E4086B7844A}"
EndProject
Project("{FAE04EC0-301F-11D3-BF4B-00C04F79EFBC}") = "ASP NET 01. Web Api example", "ASP NET 01. Web Api example\ASP NET 01. Web Api example.csproj", "{BDF8F3A2-1919-4C51-B51F-05FDB40368E0}"
EndProject
Project("{FAE04EC0-301F-11D3-BF4B-00C04F79EFBC}") = "ASP NET 01. Mini HTTP Server", "ASP NET 01. Mini HTTP Server\ASP NET 01. Mini HTTP Server.csproj", "{FCBA9C2D-4201-46B6-B951-925EF8FA5632}"
EndProject
Project("{FAE04EC0-301F-11D3-BF4B-00C04F79EFBC}") = "ASP NET 01. CoR", "ASP NET 01. CoR\ASP NET 01. CoR.csproj", "{62A5659C-1E0F-41A1-849B-AE683E177876}"
EndProject
Project("{2150E333-8FDC-42A3-9474-1A3956D46DE8}") = "ASP NET 02", "ASP NET 02", "{706BF60E-2521-4439-88C4-4A793D6EBA00}"
EndProject
Project("{FAE04EC0-301F-11D3-BF4B-00C04F79EFBC}") = "ASP NET 02. Mini ASP", "ASP NET 02. Mini ASP\ASP NET 02. Mini ASP.csproj", "{B5753225-03D7-4D32-9C18-7AA7F434B1DD}"
EndProject
Project("{FAE04EC0-301F-11D3-BF4B-00C04F79EFBC}") = "ASP NET 02. Dependency injection", "ASP NET 02. Dependency injection\ASP NET 02. Dependency injection.csproj", "{391A48EA-FD16-41D9-887C-C5733AF9C495}"
EndProject
Project("{2150E333-8FDC-42A3-9474-1A3956D46DE8}") = "ASP NET 03", "ASP NET 03", "{292CA21D-8FDE-4987-8C78-EC800DD43056}"
EndProject
Project("{FAE04EC0-301F-11D3-BF4B-00C04F79EFBC}") = "ASP NET 03. Dependency Injection - services", "ASP NET 03. Dependency Injection - services\ASP NET 03. Dependency Injection - services.csproj", "{E75E3884-95E0-4004-9398-8166BA7F9352}"
EndProject
Project("{FAE04EC0-301F-11D3-BF4B-00C04F79EFBC}") = "ASP NET 03. Razor Pages", "ASP NET 03. Razor Pages\ASP NET 03. Razor Pages.csproj", "{68C42CB6-2156-45B4-A566-BFCF84DDCF56}"
EndProject
Project("{FAE04EC0-301F-11D3-BF4B-00C04F79EFBC}") = "ASP NET 03. Razor Pages Product Site", "ASP NET 03. Razor Pages Product Site\ASP NET 03. Razor Pages Product Site.csproj", "{9492C760-041A-4C3C-8170-1FC8359EC0AD}"
EndProject
Project("{2150E333-8FDC-42A3-9474-1A3956D46DE8}") = "ASP NET 04", "ASP NET 04", "{BC15EE0D-5D18-49EF-8C19-383E741DE710}"
EndProject
Project("{FAE04EC0-301F-11D3-BF4B-00C04F79EFBC}") = "ASP NET 04. Products MVC", "ASP NET 04. Products MVC\ASP NET 04. Products MVC.csproj", "{5127BCD6-EBD2-422F-9735-2366A8895EF4}"
EndProject
Project("{FAE04EC0-301F-11D3-BF4B-00C04F79EFBC}") = "ASP NET 04. Products MVC Scaffold", "ASP NET 04. Products MVC Scaffold\ASP NET 04. Products MVC Scaffold.csproj", "{14F0C1BB-1F2B-456E-A477-5BC86945181B}"
EndProject
Project("{2150E333-8FDC-42A3-9474-1A3956D46DE8}") = "ASP NET 05", "ASP NET 05", "{9B836110-FDC6-49EB-94AD-119836734089}"
EndProject
Project("{FAE04EC0-301F-11D3-BF4B-00C04F79EFBC}") = "ASP NET 05. ASP Filters", "ASP NET 05. ASP Filters\ASP NET 05. ASP Filters.csproj", "{9787EC99-D876-4CAC-B9F2-0E7AF0811E84}"
EndProject
Project("{FAE04EC0-301F-11D3-BF4B-00C04F79EFBC}") = "ASP NET 05. Html Helpers", "ASP NET 05. Html Helpers\ASP NET 05. Html Helpers.csproj", "{173CE213-2E05-47E3-91F1-845266CCE37E}"
EndProject
Project("{2150E333-8FDC-42A3-9474-1A3956D46DE8}") = "ASP NET 06", "ASP NET 06", "{BE2A129D-8313-41E2-AFD7-382E26F5FF62}"
EndProject
Project("{FAE04EC0-301F-11D3-BF4B-00C04F79EFBC}") = "ASP NET 06. Pagination Filtering Sorting", "ASP NET 06. Pagination, Filtering, Sorting\ASP NET 06. Pagination Filtering Sorting.csproj", "{780BB99D-F97E-461E-A5F1-FEA45BFE7029}"
EndProject
Project("{2150E333-8FDC-42A3-9474-1A3956D46DE8}") = "ASP NET 07", "ASP NET 07", "{9C0D771D-54BF-41C2-9DC5-1056366B9B06}"
EndProject
Project("{FAE04EC0-301F-11D3-BF4B-00C04F79EFBC}") = "ASP NET 07. TaskFlow Introduction", "ASP NET 07. TaskFlow Introduction\ASP NET 07. TaskFlow Introduction.csproj", "{370059E9-5F11-4523-B6C1-2CC7E310B113}"
EndProject
Project("{FAE04EC0-301F-11D3-BF4B-00C04F79EFBC}") = "ASP NET 08. TaskFlow DTOs", "ASP NET 08. TaskFlow DTOs\ASP NET 08. TaskFlow DTOs.csproj", "{162262D4-6C29-4BAC-B1E6-3FF9530A93EB}"
EndProject
Project("{2150E333-8FDC-42A3-9474-1A3956D46DE8}") = "ASP NET 08", "ASP NET 08", "{55978F79-0481-420C-9058-5E835209C403}"
EndProject
Project("{2150E333-8FDC-42A3-9474-1A3956D46DE8}") = "ASP NET 09", "ASP NET 09", "{10FBC3AD-9B92-416E-818D-756138BCEC7E}"
EndProject
Project("{FAE04EC0-301F-11D3-BF4B-00C04F79EFBC}") = "ASP NET 09. TaskFlow AutoMapper", "ASP NET 09. TaskFlow AutoMapper\ASP NET 09. TaskFlow AutoMapper.csproj", "{2FCB947D-1942-4E01-ADB8-7E467554E5F5}"
EndProject
Project("{FAE04EC0-301F-11D3-BF4B-00C04F79EFBC}") = "ASP NET 09. TaskFlow Swagger Documentation", "ASP NET 09. TaskFlow Swagger Documentation\ASP NET 09. TaskFlow Swagger Documentation.csproj", "{AC3B653C-1405-4A9A-B7AB-1DBE7E93E255}"
EndProject
Project("{2150E333-8FDC-42A3-9474-1A3956D46DE8}") = "ASP NET 10", "ASP NET 10", "{A90D44E8-C9F4-4C04-9865-29E3C77D33B3}"
EndProject
Project("{FAE04EC0-301F-11D3-BF4B-00C04F79EFBC}") = "ASP NET 10. TaskFlow Pagination Ordering Filtering", "ASP NET 10. TaskFlow Pagination Ordering Filtering\ASP NET 10. TaskFlow Pagination Ordering Filtering.csproj", "{51E3EC52-FE17-4D33-9C34-4C822F4E6653}"
EndProject
Project("{2150E333-8FDC-42A3-9474-1A3956D46DE8}") = "ASP NET 11", "ASP NET 11", "{1528870E-DF6A-4C20-AE8B-2D45B30EF90A}"
EndProject
Project("{FAE04EC0-301F-11D3-BF4B-00C04F79EFBC}") = "ASP NET 11. TaskFlow Validation Global exception handler", "ASP NET 11. TaskFlow Validation Global exception handler\ASP NET 11. TaskFlow Validation Global exception handler.csproj", "{9A4EE7DF-DF27-4E44-87B0-21B78E5FA870}"
EndProject
Project("{2150E333-8FDC-42A3-9474-1A3956D46DE8}") = "ASP NET 12", "ASP NET 12", "{B8559B18-606C-4C40-AB19-786F516BDE1C}"
EndProject
Project("{FAE04EC0-301F-11D3-BF4B-00C04F79EFBC}") = "ASP NET 12. Authentification and Authorization", "ASP NET 12. Authentification and Authorization\ASP NET 12. Authentification and Authorization.csproj", "{9E893C6E-D692-4987-B11D-6405F6E609A9}"
EndProject
Project("{2150E333-8FDC-42A3-9474-1A3956D46DE8}") = "ASP NET", "ASP NET", "{4F3951F5-9EB4-4DDB-86AE-B79B5264470A}"
EndProject
Project("{2150E333-8FDC-42A3-9474-1A3956D46DE8}") = "ASP NET 14", "ASP NET 14", "{46F87400-6E8D-4FA2-943D-55CCC91A8D9B}"
EndProject
Project("{FAE04EC0-301F-11D3-BF4B-00C04F79EFBC}") = "ASP NET 14. TaskFlow Refresh Token", "ASP NET 14. TaskFlow Refresh Token\ASP NET 14. TaskFlow Refresh Token.csproj", "{8E04715A-93F1-4539-AF31-9431B05ECDC3}"
EndProject
Project("{2150E333-8FDC-42A3-9474-1A3956D46DE8}") = "ASP NET 16", "ASP NET 16", "{97A279BA-5A0F-4BEA-8E8D-DC57C23B11CF}"
EndProject
Project("{FAE04EC0-301F-11D3-BF4B-00C04F79EFBC}") = "ASP 16. TaskFlow Ownership", "ASP 16. TaskFlow Ownership\ASP 16. TaskFlow Ownership.csproj", "{ADFF0FCA-F47E-411E-9255-2368020233D1}"
EndProject
Project("{2150E333-8FDC-42A3-9474-1A3956D46DE8}") = "ASP NET 19", "ASP NET 19", "{701AC10D-A80B-4BCD-AF7F-D95606F0B2C7}"
EndProject
Project("{FAE04EC0-301F-11D3-BF4B-00C04F79EFBC}") = "ASP NET 19. TaskFlow Refactored", "ASP NET 19. TaskFlow Refactored\ASP NET 19. TaskFlow Refactored.csproj", "{83A477C7-7E3F-4881-B889-D7A35480F00D}"
EndProject
Project("{2150E333-8FDC-42A3-9474-1A3956D46DE8}") = "ASP NET 20", "ASP NET 20", "{2010BE55-BE46-4E55-A06E-9AFBBCF92F34}"
EndProject
Project("{FAE04EC0-301F-11D3-BF4B-00C04F79EFBC}") = "ASP NET 20. TaskFlow Files", "ASP NET 20. TaskFlow Files\ASP NET 20. TaskFlow Files.csproj", "{26FA6A43-E474-412D-AECC-9AFBB43B662B}"
EndProject
Project("{2150E333-8FDC-42A3-9474-1A3956D46DE8}") = "ASP NET 21", "ASP NET 21", "{E4DB1842-ADAA-40F0-A727-E2A1EE661DE3}"
EndProject
Project("{FAE04EC0-301F-11D3-BF4B-00C04F79EFBC}") = "ASP NET 21. TaskFlow.API", "ASP NET 21. TaskFlow.API\ASP NET 21. TaskFlow.API.csproj", "{C1A07F22-3D26-B35E-285D-32267845B677}"
EndProject
Project("{FAE04EC0-301F-11D3-BF4B-00C04F79EFBC}") = "ASP NET 21. TaskFlow.BLL", "ASP NET 21. TaskFlow.BLL\ASP NET 21. TaskFlow.BLL.csproj", "{5A9445E9-5EB0-7EA7-8A2C-9D14D7905314}"
EndProject
Project("{FAE04EC0-301F-11D3-BF4B-00C04F79EFBC}") = "ASP NET 21. TaskFlow.DAL", "ASP NET 21. TaskFlow.DAL\ASP NET 21. TaskFlow.DAL.csproj", "{6C8B6F68-B060-4594-DB46-317CA0BDDFA2}"
EndProject
Project("{FAE04EC0-301F-11D3-BF4B-00C04F79EFBC}") = "ASP NET 21. TaskFlow.Data", "ASP NET 21. TaskFlow.Data\ASP NET 21. TaskFlow.Data.csproj", "{6775EDEA-7DE7-FEEA-93FC-609E4B71F790}"
EndProject
Project("{FAE04EC0-301F-11D3-BF4B-00C04F79EFBC}") = "ASP NET 21. TaskFlow.Models", "ASP NET 21. TaskFlow.Models\ASP NET 21. TaskFlow.Models.csproj", "{4468E29E-7805-17AE-9FD2-1B4E0895A7A2}"
EndProject
Project("{2150E333-8FDC-42A3-9474-1A3956D46DE8}") = "ASP NET 22", "ASP NET 22", "{1D4A212B-B22D-4E47-A035-78EFCC78C92C}"
EndProject
Project("{FAE04EC0-301F-11D3-BF4B-00C04F79EFBC}") = "TaskFlow.Api", "ASP NET 22. TaskFlow\TaskFlow.Api\TaskFlow.Api.csproj", "{FB72D658-F8A4-A6BF-4438-724FCAE3C0D5}"
EndProject
Project("{FAE04EC0-301F-11D3-BF4B-00C04F79EFBC}") = "TaskFlow.Application", "ASP NET 22. TaskFlow\TaskFlow.Application\TaskFlow.Application.csproj", "{94473F5D-CD09-FCE4-097F-94E4B940D08E}"
EndProject
Project("{FAE04EC0-301F-11D3-BF4B-00C04F79EFBC}") = "TaskFlow.Domain", "ASP NET 22. TaskFlow\TaskFlow.Domain\TaskFlow.Domain.csproj", "{2EC283E6-02FA-4088-261B-B237F50E646E}"
EndProject
Project("{FAE04EC0-301F-11D3-BF4B-00C04F79EFBC}") = "TaskFlow.Infrastructure", "ASP NET 22. TaskFlow\TaskFlow.Infrastructure\TaskFlow.Infrastructure.csproj", "{300FCF80-B784-6BAD-E278-4330D974804F}"
EndProject
Project("{2150E333-8FDC-42A3-9474-1A3956D46DE8}") = "Task Flow Layered", "Task Flow Layered", "{5FA9CB7F-2D18-4675-9C77-885D4CCB3A79}"
EndProject
Project("{2150E333-8FDC-42A3-9474-1A3956D46DE8}") = "TaskFlow Onion", "TaskFlow Onion", "{3A721EAF-624C-4E98-8C41-06655AA626A1}"
EndProject
Project("{2150E333-8FDC-42A3-9474-1A3956D46DE8}") = "TaskFlow CQRS", "TaskFlow CQRS", "{93031AB9-6D76-4C9A-AA56-63F99D9F30A4}"
EndProject
Project("{FAE04EC0-301F-11D3-BF4B-00C04F79EFBC}") = "ASP NET 22. TaskFlow CQRS.Infrastructure", "ASP NET 22. TaskFlow CQRS.Infrastructure\ASP NET 22. TaskFlow CQRS.Infrastructure.csproj", "{029888BF-297A-46AC-BE3C-B7E3E21AC3F5}"
EndProject
Project("{FAE04EC0-301F-11D3-BF4B-00C04F79EFBC}") = "ASP NET 22. TaskFlow CQRS.Api", "ASP NET 22. TaskFlow CQRS.Api\ASP NET 22. TaskFlow CQRS.Api.csproj", "{1C776E04-6EA3-4A05-9051-279E9D20BF5E}"
EndProject
Project("{FAE04EC0-301F-11D3-BF4B-00C04F79EFBC}") = "ASP NET 22. TaskFlow CQRS.Application", "ASP NET 22. TaskFlow CQRS.Application\ASP NET 22. TaskFlow CQRS.Application.csproj", "{1F185728-B5A8-467E-8432-BF7E45BF47F9}"
EndProject
Project("{FAE04EC0-301F-11D3-BF4B-00C04F79EFBC}") = "ASP NET 22. TaskFlow CQRS.Domain", "ASP NET 22. TaskFlow CQRS.Domain\ASP NET 22. TaskFlow CQRS.Domain.csproj", "{B45E9874-5E42-4441-92AE-31D0D83E8448}"
EndProject
Global
	GlobalSection(SolutionConfigurationPlatforms) = preSolution
		Debug|Any CPU = Debug|Any CPU
		Release|Any CPU = Release|Any CPU
	EndGlobalSection
	GlobalSection(ProjectConfigurationPlatforms) = postSolution
		{434647D4-0E98-4AA8-9E43-E205D31804FA}.Debug|Any CPU.ActiveCfg = Debug|Any CPU
		{434647D4-0E98-4AA8-9E43-E205D31804FA}.Debug|Any CPU.Build.0 = Debug|Any CPU
		{434647D4-0E98-4AA8-9E43-E205D31804FA}.Release|Any CPU.ActiveCfg = Release|Any CPU
		{434647D4-0E98-4AA8-9E43-E205D31804FA}.Release|Any CPU.Build.0 = Release|Any CPU
		{4E69EB9C-EA67-443C-B972-2E4086B7844A}.Debug|Any CPU.ActiveCfg = Debug|Any CPU
		{4E69EB9C-EA67-443C-B972-2E4086B7844A}.Debug|Any CPU.Build.0 = Debug|Any CPU
		{4E69EB9C-EA67-443C-B972-2E4086B7844A}.Release|Any CPU.ActiveCfg = Release|Any CPU
		{4E69EB9C-EA67-443C-B972-2E4086B7844A}.Release|Any CPU.Build.0 = Release|Any CPU
		{BDF8F3A2-1919-4C51-B51F-05FDB40368E0}.Debug|Any CPU.ActiveCfg = Debug|Any CPU
		{BDF8F3A2-1919-4C51-B51F-05FDB40368E0}.Debug|Any CPU.Build.0 = Debug|Any CPU
		{BDF8F3A2-1919-4C51-B51F-05FDB40368E0}.Release|Any CPU.ActiveCfg = Release|Any CPU
		{BDF8F3A2-1919-4C51-B51F-05FDB40368E0}.Release|Any CPU.Build.0 = Release|Any CPU
		{FCBA9C2D-4201-46B6-B951-925EF8FA5632}.Debug|Any CPU.ActiveCfg = Debug|Any CPU
		{FCBA9C2D-4201-46B6-B951-925EF8FA5632}.Debug|Any CPU.Build.0 = Debug|Any CPU
		{FCBA9C2D-4201-46B6-B951-925EF8FA5632}.Release|Any CPU.ActiveCfg = Release|Any CPU
		{FCBA9C2D-4201-46B6-B951-925EF8FA5632}.Release|Any CPU.Build.0 = Release|Any CPU
		{62A5659C-1E0F-41A1-849B-AE683E177876}.Debug|Any CPU.ActiveCfg = Debug|Any CPU
		{62A5659C-1E0F-41A1-849B-AE683E177876}.Debug|Any CPU.Build.0 = Debug|Any CPU
		{62A5659C-1E0F-41A1-849B-AE683E177876}.Release|Any CPU.ActiveCfg = Release|Any CPU
		{62A5659C-1E0F-41A1-849B-AE683E177876}.Release|Any CPU.Build.0 = Release|Any CPU
		{B5753225-03D7-4D32-9C18-7AA7F434B1DD}.Debug|Any CPU.ActiveCfg = Debug|Any CPU
		{B5753225-03D7-4D32-9C18-7AA7F434B1DD}.Debug|Any CPU.Build.0 = Debug|Any CPU
		{B5753225-03D7-4D32-9C18-7AA7F434B1DD}.Release|Any CPU.ActiveCfg = Release|Any CPU
		{B5753225-03D7-4D32-9C18-7AA7F434B1DD}.Release|Any CPU.Build.0 = Release|Any CPU
		{391A48EA-FD16-41D9-887C-C5733AF9C495}.Debug|Any CPU.ActiveCfg = Debug|Any CPU
		{391A48EA-FD16-41D9-887C-C5733AF9C495}.Debug|Any CPU.Build.0 = Debug|Any CPU
		{391A48EA-FD16-41D9-887C-C5733AF9C495}.Release|Any CPU.ActiveCfg = Release|Any CPU
		{391A48EA-FD16-41D9-887C-C5733AF9C495}.Release|Any CPU.Build.0 = Release|Any CPU
		{E75E3884-95E0-4004-9398-8166BA7F9352}.Debug|Any CPU.ActiveCfg = Debug|Any CPU
		{E75E3884-95E0-4004-9398-8166BA7F9352}.Debug|Any CPU.Build.0 = Debug|Any CPU
		{E75E3884-95E0-4004-9398-8166BA7F9352}.Release|Any CPU.ActiveCfg = Release|Any CPU
		{E75E3884-95E0-4004-9398-8166BA7F9352}.Release|Any CPU.Build.0 = Release|Any CPU
		{68C42CB6-2156-45B4-A566-BFCF84DDCF56}.Debug|Any CPU.ActiveCfg = Debug|Any CPU
		{68C42CB6-2156-45B4-A566-BFCF84DDCF56}.Debug|Any CPU.Build.0 = Debug|Any CPU
		{68C42CB6-2156-45B4-A566-BFCF84DDCF56}.Release|Any CPU.ActiveCfg = Release|Any CPU
		{68C42CB6-2156-45B4-A566-BFCF84DDCF56}.Release|Any CPU.Build.0 = Release|Any CPU
		{9492C760-041A-4C3C-8170-1FC8359EC0AD}.Debug|Any CPU.ActiveCfg = Debug|Any CPU
		{9492C760-041A-4C3C-8170-1FC8359EC0AD}.Debug|Any CPU.Build.0 = Debug|Any CPU
		{9492C760-041A-4C3C-8170-1FC8359EC0AD}.Release|Any CPU.ActiveCfg = Release|Any CPU
		{9492C760-041A-4C3C-8170-1FC8359EC0AD}.Release|Any CPU.Build.0 = Release|Any CPU
		{5127BCD6-EBD2-422F-9735-2366A8895EF4}.Debug|Any CPU.ActiveCfg = Debug|Any CPU
		{5127BCD6-EBD2-422F-9735-2366A8895EF4}.Debug|Any CPU.Build.0 = Debug|Any CPU
		{5127BCD6-EBD2-422F-9735-2366A8895EF4}.Release|Any CPU.ActiveCfg = Release|Any CPU
		{5127BCD6-EBD2-422F-9735-2366A8895EF4}.Release|Any CPU.Build.0 = Release|Any CPU
		{14F0C1BB-1F2B-456E-A477-5BC86945181B}.Debug|Any CPU.ActiveCfg = Debug|Any CPU
		{14F0C1BB-1F2B-456E-A477-5BC86945181B}.Debug|Any CPU.Build.0 = Debug|Any CPU
		{14F0C1BB-1F2B-456E-A477-5BC86945181B}.Release|Any CPU.ActiveCfg = Release|Any CPU
		{14F0C1BB-1F2B-456E-A477-5BC86945181B}.Release|Any CPU.Build.0 = Release|Any CPU
		{9787EC99-D876-4CAC-B9F2-0E7AF0811E84}.Debug|Any CPU.ActiveCfg = Debug|Any CPU
		{9787EC99-D876-4CAC-B9F2-0E7AF0811E84}.Debug|Any CPU.Build.0 = Debug|Any CPU
		{9787EC99-D876-4CAC-B9F2-0E7AF0811E84}.Release|Any CPU.ActiveCfg = Release|Any CPU
		{9787EC99-D876-4CAC-B9F2-0E7AF0811E84}.Release|Any CPU.Build.0 = Release|Any CPU
		{173CE213-2E05-47E3-91F1-845266CCE37E}.Debug|Any CPU.ActiveCfg = Debug|Any CPU
		{173CE213-2E05-47E3-91F1-845266CCE37E}.Debug|Any CPU.Build.0 = Debug|Any CPU
		{173CE213-2E05-47E3-91F1-845266CCE37E}.Release|Any CPU.ActiveCfg = Release|Any CPU
		{173CE213-2E05-47E3-91F1-845266CCE37E}.Release|Any CPU.Build.0 = Release|Any CPU
		{780BB99D-F97E-461E-A5F1-FEA45BFE7029}.Debug|Any CPU.ActiveCfg = Debug|Any CPU
		{780BB99D-F97E-461E-A5F1-FEA45BFE7029}.Debug|Any CPU.Build.0 = Debug|Any CPU
		{780BB99D-F97E-461E-A5F1-FEA45BFE7029}.Release|Any CPU.ActiveCfg = Release|Any CPU
		{780BB99D-F97E-461E-A5F1-FEA45BFE7029}.Release|Any CPU.Build.0 = Release|Any CPU
		{370059E9-5F11-4523-B6C1-2CC7E310B113}.Debug|Any CPU.ActiveCfg = Debug|Any CPU
		{370059E9-5F11-4523-B6C1-2CC7E310B113}.Debug|Any CPU.Build.0 = Debug|Any CPU
		{370059E9-5F11-4523-B6C1-2CC7E310B113}.Release|Any CPU.ActiveCfg = Release|Any CPU
		{370059E9-5F11-4523-B6C1-2CC7E310B113}.Release|Any CPU.Build.0 = Release|Any CPU
		{162262D4-6C29-4BAC-B1E6-3FF9530A93EB}.Debug|Any CPU.ActiveCfg = Debug|Any CPU
		{162262D4-6C29-4BAC-B1E6-3FF9530A93EB}.Debug|Any CPU.Build.0 = Debug|Any CPU
		{162262D4-6C29-4BAC-B1E6-3FF9530A93EB}.Release|Any CPU.ActiveCfg = Release|Any CPU
		{162262D4-6C29-4BAC-B1E6-3FF9530A93EB}.Release|Any CPU.Build.0 = Release|Any CPU
		{2FCB947D-1942-4E01-ADB8-7E467554E5F5}.Debug|Any CPU.ActiveCfg = Debug|Any CPU
		{2FCB947D-1942-4E01-ADB8-7E467554E5F5}.Debug|Any CPU.Build.0 = Debug|Any CPU
		{2FCB947D-1942-4E01-ADB8-7E467554E5F5}.Release|Any CPU.ActiveCfg = Release|Any CPU
		{2FCB947D-1942-4E01-ADB8-7E467554E5F5}.Release|Any CPU.Build.0 = Release|Any CPU
		{AC3B653C-1405-4A9A-B7AB-1DBE7E93E255}.Debug|Any CPU.ActiveCfg = Debug|Any CPU
		{AC3B653C-1405-4A9A-B7AB-1DBE7E93E255}.Debug|Any CPU.Build.0 = Debug|Any CPU
		{AC3B653C-1405-4A9A-B7AB-1DBE7E93E255}.Release|Any CPU.ActiveCfg = Release|Any CPU
		{AC3B653C-1405-4A9A-B7AB-1DBE7E93E255}.Release|Any CPU.Build.0 = Release|Any CPU
		{51E3EC52-FE17-4D33-9C34-4C822F4E6653}.Debug|Any CPU.ActiveCfg = Debug|Any CPU
		{51E3EC52-FE17-4D33-9C34-4C822F4E6653}.Debug|Any CPU.Build.0 = Debug|Any CPU
		{51E3EC52-FE17-4D33-9C34-4C822F4E6653}.Release|Any CPU.ActiveCfg = Release|Any CPU
		{51E3EC52-FE17-4D33-9C34-4C822F4E6653}.Release|Any CPU.Build.0 = Release|Any CPU
		{9A4EE7DF-DF27-4E44-87B0-21B78E5FA870}.Debug|Any CPU.ActiveCfg = Debug|Any CPU
		{9A4EE7DF-DF27-4E44-87B0-21B78E5FA870}.Debug|Any CPU.Build.0 = Debug|Any CPU
		{9A4EE7DF-DF27-4E44-87B0-21B78E5FA870}.Release|Any CPU.ActiveCfg = Release|Any CPU
		{9A4EE7DF-DF27-4E44-87B0-21B78E5FA870}.Release|Any CPU.Build.0 = Release|Any CPU
		{9E893C6E-D692-4987-B11D-6405F6E609A9}.Debug|Any CPU.ActiveCfg = Debug|Any CPU
		{9E893C6E-D692-4987-B11D-6405F6E609A9}.Debug|Any CPU.Build.0 = Debug|Any CPU
		{9E893C6E-D692-4987-B11D-6405F6E609A9}.Release|Any CPU.ActiveCfg = Release|Any CPU
		{9E893C6E-D692-4987-B11D-6405F6E609A9}.Release|Any CPU.Build.0 = Release|Any CPU
		{8E04715A-93F1-4539-AF31-9431B05ECDC3}.Debug|Any CPU.ActiveCfg = Debug|Any CPU
		{8E04715A-93F1-4539-AF31-9431B05ECDC3}.Debug|Any CPU.Build.0 = Debug|Any CPU
		{8E04715A-93F1-4539-AF31-9431B05ECDC3}.Release|Any CPU.ActiveCfg = Release|Any CPU
		{8E04715A-93F1-4539-AF31-9431B05ECDC3}.Release|Any CPU.Build.0 = Release|Any CPU
		{ADFF0FCA-F47E-411E-9255-2368020233D1}.Debug|Any CPU.ActiveCfg = Debug|Any CPU
		{ADFF0FCA-F47E-411E-9255-2368020233D1}.Debug|Any CPU.Build.0 = Debug|Any CPU
		{ADFF0FCA-F47E-411E-9255-2368020233D1}.Release|Any CPU.ActiveCfg = Release|Any CPU
		{ADFF0FCA-F47E-411E-9255-2368020233D1}.Release|Any CPU.Build.0 = Release|Any CPU
		{83A477C7-7E3F-4881-B889-D7A35480F00D}.Debug|Any CPU.ActiveCfg = Debug|Any CPU
		{83A477C7-7E3F-4881-B889-D7A35480F00D}.Debug|Any CPU.Build.0 = Debug|Any CPU
		{83A477C7-7E3F-4881-B889-D7A35480F00D}.Release|Any CPU.ActiveCfg = Release|Any CPU
		{83A477C7-7E3F-4881-B889-D7A35480F00D}.Release|Any CPU.Build.0 = Release|Any CPU
		{26FA6A43-E474-412D-AECC-9AFBB43B662B}.Debug|Any CPU.ActiveCfg = Debug|Any CPU
		{26FA6A43-E474-412D-AECC-9AFBB43B662B}.Debug|Any CPU.Build.0 = Debug|Any CPU
		{26FA6A43-E474-412D-AECC-9AFBB43B662B}.Release|Any CPU.ActiveCfg = Release|Any CPU
		{26FA6A43-E474-412D-AECC-9AFBB43B662B}.Release|Any CPU.Build.0 = Release|Any CPU
		{C1A07F22-3D26-B35E-285D-32267845B677}.Debug|Any CPU.ActiveCfg = Debug|Any CPU
		{C1A07F22-3D26-B35E-285D-32267845B677}.Debug|Any CPU.Build.0 = Debug|Any CPU
		{C1A07F22-3D26-B35E-285D-32267845B677}.Release|Any CPU.ActiveCfg = Release|Any CPU
		{C1A07F22-3D26-B35E-285D-32267845B677}.Release|Any CPU.Build.0 = Release|Any CPU
		{5A9445E9-5EB0-7EA7-8A2C-9D14D7905314}.Debug|Any CPU.ActiveCfg = Debug|Any CPU
		{5A9445E9-5EB0-7EA7-8A2C-9D14D7905314}.Debug|Any CPU.Build.0 = Debug|Any CPU
		{5A9445E9-5EB0-7EA7-8A2C-9D14D7905314}.Release|Any CPU.ActiveCfg = Release|Any CPU
		{5A9445E9-5EB0-7EA7-8A2C-9D14D7905314}.Release|Any CPU.Build.0 = Release|Any CPU
		{6C8B6F68-B060-4594-DB46-317CA0BDDFA2}.Debug|Any CPU.ActiveCfg = Debug|Any CPU
		{6C8B6F68-B060-4594-DB46-317CA0BDDFA2}.Debug|Any CPU.Build.0 = Debug|Any CPU
		{6C8B6F68-B060-4594-DB46-317CA0BDDFA2}.Release|Any CPU.ActiveCfg = Release|Any CPU
		{6C8B6F68-B060-4594-DB46-317CA0BDDFA2}.Release|Any CPU.Build.0 = Release|Any CPU
		{6775EDEA-7DE7-FEEA-93FC-609E4B71F790}.Debug|Any CPU.ActiveCfg = Debug|Any CPU
		{6775EDEA-7DE7-FEEA-93FC-609E4B71F790}.Debug|Any CPU.Build.0 = Debug|Any CPU
		{6775EDEA-7DE7-FEEA-93FC-609E4B71F790}.Release|Any CPU.ActiveCfg = Release|Any CPU
		{6775EDEA-7DE7-FEEA-93FC-609E4B71F790}.Release|Any CPU.Build.0 = Release|Any CPU
		{4468E29E-7805-17AE-9FD2-1B4E0895A7A2}.Debug|Any CPU.ActiveCfg = Debug|Any CPU
		{4468E29E-7805-17AE-9FD2-1B4E0895A7A2}.Debug|Any CPU.Build.0 = Debug|Any CPU
		{4468E29E-7805-17AE-9FD2-1B4E0895A7A2}.Release|Any CPU.ActiveCfg = Release|Any CPU
		{4468E29E-7805-17AE-9FD2-1B4E0895A7A2}.Release|Any CPU.Build.0 = Release|Any CPU
		{FB72D658-F8A4-A6BF-4438-724FCAE3C0D5}.Debug|Any CPU.ActiveCfg = Debug|Any CPU
		{FB72D658-F8A4-A6BF-4438-724FCAE3C0D5}.Debug|Any CPU.Build.0 = Debug|Any CPU
		{FB72D658-F8A4-A6BF-4438-724FCAE3C0D5}.Release|Any CPU.ActiveCfg = Release|Any CPU
		{FB72D658-F8A4-A6BF-4438-724FCAE3C0D5}.Release|Any CPU.Build.0 = Release|Any CPU
		{94473F5D-CD09-FCE4-097F-94E4B940D08E}.Debug|Any CPU.ActiveCfg = Debug|Any CPU
		{94473F5D-CD09-FCE4-097F-94E4B940D08E}.Debug|Any CPU.Build.0 = Debug|Any CPU
		{94473F5D-CD09-FCE4-097F-94E4B940D08E}.Release|Any CPU.ActiveCfg = Release|Any CPU
		{94473F5D-CD09-FCE4-097F-94E4B940D08E}.Release|Any CPU.Build.0 = Release|Any CPU
		{2EC283E6-02FA-4088-261B-B237F50E646E}.Debug|Any CPU.ActiveCfg = Debug|Any CPU
		{2EC283E6-02FA-4088-261B-B237F50E646E}.Debug|Any CPU.Build.0 = Debug|Any CPU
		{2EC283E6-02FA-4088-261B-B237F50E646E}.Release|Any CPU.ActiveCfg = Release|Any CPU
		{2EC283E6-02FA-4088-261B-B237F50E646E}.Release|Any CPU.Build.0 = Release|Any CPU
		{300FCF80-B784-6BAD-E278-4330D974804F}.Debug|Any CPU.ActiveCfg = Debug|Any CPU
		{300FCF80-B784-6BAD-E278-4330D974804F}.Debug|Any CPU.Build.0 = Debug|Any CPU
		{300FCF80-B784-6BAD-E278-4330D974804F}.Release|Any CPU.ActiveCfg = Release|Any CPU
		{300FCF80-B784-6BAD-E278-4330D974804F}.Release|Any CPU.Build.0 = Release|Any CPU
		{029888BF-297A-46AC-BE3C-B7E3E21AC3F5}.Debug|Any CPU.ActiveCfg = Debug|Any CPU
		{029888BF-297A-46AC-BE3C-B7E3E21AC3F5}.Debug|Any CPU.Build.0 = Debug|Any CPU
		{029888BF-297A-46AC-BE3C-B7E3E21AC3F5}.Release|Any CPU.ActiveCfg = Release|Any CPU
		{029888BF-297A-46AC-BE3C-B7E3E21AC3F5}.Release|Any CPU.Build.0 = Release|Any CPU
		{1C776E04-6EA3-4A05-9051-279E9D20BF5E}.Debug|Any CPU.ActiveCfg = Debug|Any CPU
		{1C776E04-6EA3-4A05-9051-279E9D20BF5E}.Debug|Any CPU.Build.0 = Debug|Any CPU
		{1C776E04-6EA3-4A05-9051-279E9D20BF5E}.Release|Any CPU.ActiveCfg = Release|Any CPU
		{1C776E04-6EA3-4A05-9051-279E9D20BF5E}.Release|Any CPU.Build.0 = Release|Any CPU
		{1F185728-B5A8-467E-8432-BF7E45BF47F9}.Debug|Any CPU.ActiveCfg = Debug|Any CPU
		{1F185728-B5A8-467E-8432-BF7E45BF47F9}.Debug|Any CPU.Build.0 = Debug|Any CPU
		{1F185728-B5A8-467E-8432-BF7E45BF47F9}.Release|Any CPU.ActiveCfg = Release|Any CPU
		{1F185728-B5A8-467E-8432-BF7E45BF47F9}.Release|Any CPU.Build.0 = Release|Any CPU
		{B45E9874-5E42-4441-92AE-31D0D83E8448}.Debug|Any CPU.ActiveCfg = Debug|Any CPU
		{B45E9874-5E42-4441-92AE-31D0D83E8448}.Debug|Any CPU.Build.0 = Debug|Any CPU
		{B45E9874-5E42-4441-92AE-31D0D83E8448}.Release|Any CPU.ActiveCfg = Release|Any CPU
		{B45E9874-5E42-4441-92AE-31D0D83E8448}.Release|Any CPU.Build.0 = Release|Any CPU
	EndGlobalSection
	GlobalSection(SolutionProperties) = preSolution
		HideSolutionNode = FALSE
	EndGlobalSection
	GlobalSection(NestedProjects) = preSolution
		{434647D4-0E98-4AA8-9E43-E205D31804FA} = {02EA681E-C7D8-13C7-8484-4AC65E1B71E8}
		{4E69EB9C-EA67-443C-B972-2E4086B7844A} = {02EA681E-C7D8-13C7-8484-4AC65E1B71E8}
		{BDF8F3A2-1919-4C51-B51F-05FDB40368E0} = {02EA681E-C7D8-13C7-8484-4AC65E1B71E8}
		{FCBA9C2D-4201-46B6-B951-925EF8FA5632} = {02EA681E-C7D8-13C7-8484-4AC65E1B71E8}
		{62A5659C-1E0F-41A1-849B-AE683E177876} = {02EA681E-C7D8-13C7-8484-4AC65E1B71E8}
		{B5753225-03D7-4D32-9C18-7AA7F434B1DD} = {706BF60E-2521-4439-88C4-4A793D6EBA00}
		{391A48EA-FD16-41D9-887C-C5733AF9C495} = {706BF60E-2521-4439-88C4-4A793D6EBA00}
		{E75E3884-95E0-4004-9398-8166BA7F9352} = {292CA21D-8FDE-4987-8C78-EC800DD43056}
		{68C42CB6-2156-45B4-A566-BFCF84DDCF56} = {292CA21D-8FDE-4987-8C78-EC800DD43056}
		{9492C760-041A-4C3C-8170-1FC8359EC0AD} = {292CA21D-8FDE-4987-8C78-EC800DD43056}
		{5127BCD6-EBD2-422F-9735-2366A8895EF4} = {BC15EE0D-5D18-49EF-8C19-383E741DE710}
		{14F0C1BB-1F2B-456E-A477-5BC86945181B} = {BC15EE0D-5D18-49EF-8C19-383E741DE710}
		{9787EC99-D876-4CAC-B9F2-0E7AF0811E84} = {9B836110-FDC6-49EB-94AD-119836734089}
		{173CE213-2E05-47E3-91F1-845266CCE37E} = {9B836110-FDC6-49EB-94AD-119836734089}
		{780BB99D-F97E-461E-A5F1-FEA45BFE7029} = {BE2A129D-8313-41E2-AFD7-382E26F5FF62}
		{370059E9-5F11-4523-B6C1-2CC7E310B113} = {9C0D771D-54BF-41C2-9DC5-1056366B9B06}
		{162262D4-6C29-4BAC-B1E6-3FF9530A93EB} = {55978F79-0481-420C-9058-5E835209C403}
		{2FCB947D-1942-4E01-ADB8-7E467554E5F5} = {10FBC3AD-9B92-416E-818D-756138BCEC7E}
		{AC3B653C-1405-4A9A-B7AB-1DBE7E93E255} = {10FBC3AD-9B92-416E-818D-756138BCEC7E}
		{51E3EC52-FE17-4D33-9C34-4C822F4E6653} = {A90D44E8-C9F4-4C04-9865-29E3C77D33B3}
		{9A4EE7DF-DF27-4E44-87B0-21B78E5FA870} = {1528870E-DF6A-4C20-AE8B-2D45B30EF90A}
		{9E893C6E-D692-4987-B11D-6405F6E609A9} = {B8559B18-606C-4C40-AB19-786F516BDE1C}
		{8E04715A-93F1-4539-AF31-9431B05ECDC3} = {46F87400-6E8D-4FA2-943D-55CCC91A8D9B}
		{ADFF0FCA-F47E-411E-9255-2368020233D1} = {97A279BA-5A0F-4BEA-8E8D-DC57C23B11CF}
		{83A477C7-7E3F-4881-B889-D7A35480F00D} = {701AC10D-A80B-4BCD-AF7F-D95606F0B2C7}
		{26FA6A43-E474-412D-AECC-9AFBB43B662B} = {2010BE55-BE46-4E55-A06E-9AFBBCF92F34}
		{C1A07F22-3D26-B35E-285D-32267845B677} = {5FA9CB7F-2D18-4675-9C77-885D4CCB3A79}
		{5A9445E9-5EB0-7EA7-8A2C-9D14D7905314} = {5FA9CB7F-2D18-4675-9C77-885D4CCB3A79}
		{6C8B6F68-B060-4594-DB46-317CA0BDDFA2} = {5FA9CB7F-2D18-4675-9C77-885D4CCB3A79}
		{6775EDEA-7DE7-FEEA-93FC-609E4B71F790} = {5FA9CB7F-2D18-4675-9C77-885D4CCB3A79}
		{4468E29E-7805-17AE-9FD2-1B4E0895A7A2} = {5FA9CB7F-2D18-4675-9C77-885D4CCB3A79}
		{FB72D658-F8A4-A6BF-4438-724FCAE3C0D5} = {3A721EAF-624C-4E98-8C41-06655AA626A1}
		{94473F5D-CD09-FCE4-097F-94E4B940D08E} = {3A721EAF-624C-4E98-8C41-06655AA626A1}
		{2EC283E6-02FA-4088-261B-B237F50E646E} = {3A721EAF-624C-4E98-8C41-06655AA626A1}
		{300FCF80-B784-6BAD-E278-4330D974804F} = {3A721EAF-624C-4E98-8C41-06655AA626A1}
		{5FA9CB7F-2D18-4675-9C77-885D4CCB3A79} = {E4DB1842-ADAA-40F0-A727-E2A1EE661DE3}
		{3A721EAF-624C-4E98-8C41-06655AA626A1} = {1D4A212B-B22D-4E47-A035-78EFCC78C92C}
		{93031AB9-6D76-4C9A-AA56-63F99D9F30A4} = {1D4A212B-B22D-4E47-A035-78EFCC78C92C}
		{029888BF-297A-46AC-BE3C-B7E3E21AC3F5} = {93031AB9-6D76-4C9A-AA56-63F99D9F30A4}
		{1C776E04-6EA3-4A05-9051-279E9D20BF5E} = {93031AB9-6D76-4C9A-AA56-63F99D9F30A4}
		{1F185728-B5A8-467E-8432-BF7E45BF47F9} = {93031AB9-6D76-4C9A-AA56-63F99D9F30A4}
		{B45E9874-5E42-4441-92AE-31D0D83E8448} = {93031AB9-6D76-4C9A-AA56-63F99D9F30A4}
	EndGlobalSection
	GlobalSection(ExtensibilityGlobals) = postSolution
		SolutionGuid = {E4870BAB-DD25-4E3B-9ABC-EE53B6A30681}
	EndGlobalSection
EndGlobal
